
Microsoft Visual Studio Solution File, Format Version 12.00
# Visual Studio Version 16
VisualStudioVersion = 16.0.28803.352
MinimumVisualStudioVersion = 10.0.40219.1
Project("{FAE04EC0-301F-11D3-BF4B-00C04F79EFBC}") = "Company.JobLogger", "Company.JobLogger\Company.JobLogger.csproj", "{63948480-FB48-40BC-8FC0-4A8992E48001}"
EndProject
Project("{FAE04EC0-301F-11D3-BF4B-00C04F79EFBC}") = "Company.JobLogger.Test", "Company.JobLogger.Test\Company.JobLogger.Test.csproj", "{D126BEA9-39F0-4D9A-8970-5F3A43D33C97}"
EndProject
Global
	GlobalSection(SolutionConfigurationPlatforms) = preSolution
		Debug|Any CPU = Debug|Any CPU
		Release|Any CPU = Release|Any CPU
	EndGlobalSection
	GlobalSection(ProjectConfigurationPlatforms) = postSolution
		{63948480-FB48-40BC-8FC0-4A8992E48001}.Debug|Any CPU.ActiveCfg = Debug|Any CPU
		{63948480-FB48-40BC-8FC0-4A8992E48001}.Debug|Any CPU.Build.0 = Debug|Any CPU
		{63948480-FB48-40BC-8FC0-4A8992E48001}.Release|Any CPU.ActiveCfg = Release|Any CPU
		{63948480-FB48-40BC-8FC0-4A8992E48001}.Release|Any CPU.Build.0 = Release|Any CPU
		{D126BEA9-39F0-4D9A-8970-5F3A43D33C97}.Debug|Any CPU.ActiveCfg = Debug|Any CPU
		{D126BEA9-39F0-4D9A-8970-5F3A43D33C97}.Debug|Any CPU.Build.0 = Debug|Any CPU
		{D126BEA9-39F0-4D9A-8970-5F3A43D33C97}.Release|Any CPU.ActiveCfg = Release|Any CPU
		{D126BEA9-39F0-4D9A-8970-5F3A43D33C97}.Release|Any CPU.Build.0 = Release|Any CPU
	EndGlobalSection
	GlobalSection(SolutionProperties) = preSolution
		HideSolutionNode = FALSE
	EndGlobalSection
	GlobalSection(ExtensibilityGlobals) = postSolution
		SolutionGuid = {FA98C77D-EC2A-4510-9FB6-F088F7F2291B}
	EndGlobalSection
EndGlobal
